github.com/phpor/godns v0.0.0-20190211043011-22f0e525bf39 h1:0i1UKyyy2KY0vY/m0pkUrc7wT+Cft2f3Qicp9+vb+SU=
github.com/phpor/godns v0.0.0-20190211043011-22f0e525bf39/go.mod h1:Q4JWhZkxSBSxhBjBQjarjJ9JBF2CKAHwF2vEo/AubBA=
github.com/smallfish/ftp v0.0.0-20160801035311-6d094f003ac5 h1:n/cky+CkmdcnJujoecPz2WJqwNTg11vNPXFYFMshXEg=
github.com/smallfish/ftp v0.0.0-20160801035311-6d094f003ac5/go.mod h1:TgwTlN7OE0XuJfp68evvb1+l74xzpGoDDDEl2zAdSrU=
gopkg.in/check.v1 v0.0.0-20161208181325-20d25e280405 h1:yhCVgyC4o1eVCa2tZl7eS0r+SDo693bJlVdllGtEeKM=
gopkg.in/check.v1 v0.0.0-20161208181325-20d25e280405/go.mod h1:Co6ibVJAznAaIkqp8huTwlJQCZ016jof/cbN4VW5Yz0=
gopkg.in/yaml.v3 v3.0.1 h1:fxVm/GzAzEWqLHuvctI91KS9hhNmmWOoWu0XTYJS7CA=
gopkg.in/yaml.v3 v3.0.1/go.mod h1:K4uyk7z7BCEPqu6E+C64Yfv1cQ7kz7rIZviUmN+EgEM=
